{
  "name": "ab",
  "version": "1.0.0",
  "lockfileVersion": 2,
  "requires": true,
  "packages": {
    "": {
      "name": "ab",
      "version": "1.0.0",
      "license": "MIT",
      "dependencies": {
        "etsm": "*.*.*"
      }
    },
    "node_modules/etsm": {
      "version": "0.5.1",
      "resolved": "https://registry.npmjs.org/etsm/-/etsm-0.5.1.tgz",
      "integrity": "sha512-LlZwd2TObKO9iHhRVk4J4iahr+j5feTTrBdZqReKLEiv/ySPBp3YV3HfwYlaoztCOSXvQ+6bjYC4+iyCRkakvg=="
    }
  },
  "dependencies": {
    "etsm": {
      "version": "0.5.1",
      "resolved": "https://registry.npmjs.org/etsm/-/etsm-0.5.1.tgz",
      "integrity": "sha512-LlZwd2TObKO9iHhRVk4J4iahr+j5feTTrBdZqReKLEiv/ySPBp3YV3HfwYlaoztCOSXvQ+6bjYC4+iyCRkakvg=="
    }
  }
}
