
Microsoft Visual Studio Solution File, Format Version 12.00
# Visual Studio Version 17
VisualStudioVersion = 17.1.32414.318
MinimumVisualStudioVersion = 10.0.40219.1
Project("{FAE04EC0-301F-11D3-BF4B-00C04F79EFBC}") = "ab", "ab.csproj", "{93722DAB-932F-4A9F-8BA4-0F258C873CB9}"
EndProject
Global
	GlobalSection(SolutionConfigurationPlatforms) = preSolution
		Debug|Any CPU = Debug|Any CPU
		Release|Any CPU = Release|Any CPU
	EndGlobalSection
	GlobalSection(ProjectConfigurationPlatforms) = postSolution
		{93722DAB-932F-4A9F-8BA4-0F258C873CB9}.Debug|Any CPU.ActiveCfg = Debug|Any CPU
		{93722DAB-932F-4A9F-8BA4-0F258C873CB9}.Debug|Any CPU.Build.0 = Debug|Any CPU
		{93722DAB-932F-4A9F-8BA4-0F258C873CB9}.Release|Any CPU.ActiveCfg = Release|Any CPU
		{93722DAB-932F-4A9F-8BA4-0F258C873CB9}.Release|Any CPU.Build.0 = Release|Any CPU
	EndGlobalSection
	GlobalSection(SolutionProperties) = preSolution
		HideSolutionNode = FALSE
	EndGlobalSection
	GlobalSection(ExtensibilityGlobals) = postSolution
		SolutionGuid = {75F7C412-F6B8-4D2A-BA44-20843B26AB8B}
	EndGlobalSection
EndGlobal
